// !$*UTF8*$!
{
	archiveVersion = 1;
	classes = {
	};
	objectVersion = 56;
	objects = {

/* Begin PBXBuildFile section */
		E0825D322937B8A900BCBFE8 /* ToDoListSwiftUIApp.swift in Sources */ = {isa = PBXBuildFile; fileRef = E0825D312937B8A900BCBFE8 /* ToDoListSwiftUIApp.swift */; };
		E0825D342937B8A900BCBFE8 /* TaskListView.swift in Sources */ = {isa = PBXBuildFile; fileRef = E0825D332937B8A900BCBFE8 /* TaskListView.swift */; };
		E0825D362937B8AC00BCBFE8 /* Assets.xcassets in Resources */ = {isa = PBXBuildFile; fileRef = E0825D352937B8AC00BCBFE8 /* Assets.xcassets */; };
		E0825D392937B8AC00BCBFE8 /* Preview Assets.xcassets in Resources */ = {isa = PBXBuildFile; fileRef = E0825D382937B8AC00BCBFE8 /* Preview Assets.xcassets */; };
		E0825D3B2937B8AC00BCBFE8 /* Persistence.swift in Sources */ = {isa = PBXBuildFile; fileRef = E0825D3A2937B8AC00BCBFE8 /* Persistence.swift */; };
		E0825D3E2937B8AC00BCBFE8 /* ToDoListSwiftUI.xcdatamodeld in Sources */ = {isa = PBXBuildFile; fileRef = E0825D3C2937B8AC00BCBFE8 /* ToDoListSwiftUI.xcdatamodeld */; };
		E0825D452937BB8D00BCBFE8 /* FloatingButton.swift in Sources */ = {isa = PBXBuildFile; fileRef = E0825D442937BB8D00BCBFE8 /* FloatingButton.swift */; };
		E0825D482937BBD700BCBFE8 /* TaskEditView.swift in Sources */ = {isa = PBXBuildFile; fileRef = E0825D472937BBD700BCBFE8 /* TaskEditView.swift */; };
		E0825D4A2937C48600BCBFE8 /* DateHolder.swift in Sources */ = {isa = PBXBuildFile; fileRef = E0825D492937C48600BCBFE8 /* DateHolder.swift */; };
		E0825D4C2937C89500BCBFE8 /* TaskCell.swift in Sources */ = {isa = PBXBuildFile; fileRef = E0825D4B2937C89500BCBFE8 /* TaskCell.swift */; };
		E0825D4E2937CA3700BCBFE8 /* CheckBoxView.swift in Sources */ = {isa = PBXBuildFile; fileRef = E0825D4D2937CA3700BCBFE8 /* CheckBoxView.swift */; };
		E0825D512938910300BCBFE8 /* TaskItemExtension.swift in Sources */ = {isa = PBXBuildFile; fileRef = E0825D502938910300BCBFE8 /* TaskItemExtension.swift */; };
/* End PBXBuildFile section */

/* Begin PBXFileReference section */
		E0825D2E2937B8A900BCBFE8 /* ToDoListSwiftUI.app */ = {isa = PBXFileReference; explicitFileType = wrapper.application; includeInIndex = 0; path = ToDoListSwiftUI.app; sourceTree = BUILT_PRODUCTS_DIR; };
		E0825D312937B8A900BCBFE8 /* ToDoListSwiftUIApp.swift */ = {isa = PBXFileReference; lastKnownFileType = sourcecode.swift; path = ToDoListSwiftUIApp.swift; sourceTree = "<group>"; };
		E0825D332937B8A900BCBFE8 /* TaskListView.swift */ = {isa = PBXFileReference; lastKnownFileType = sourcecode.swift; path = TaskListView.swift; sourceTree = "<group>"; };
		E0825D352937B8AC00BCBFE8 /* Assets.xcassets */ = {isa = PBXFileReference; lastKnownFileType = folder.assetcatalog; path = Assets.xcassets; sourceTree = "<group>"; };
		E0825D382937B8AC00BCBFE8 /* Preview Assets.xcassets */ = {isa = PBXFileReference; lastKnownFileType = folder.assetcatalog; path = "Preview Assets.xcassets"; sourceTree = "<group>"; };
		E0825D3A2937B8AC00BCBFE8 /* Persistence.swift */ = {isa = PBXFileReference; lastKnownFileType = sourcecode.swift; path = Persistence.swift; sourceTree = "<group>"; };
		E0825D3D2937B8AC00BCBFE8 /* ToDoListSwiftUI.xcdatamodel */ = {isa = PBXFileReference; lastKnownFileType = wrapper.xcdatamodel; path = ToDoListSwiftUI.xcdatamodel; sourceTree = "<group>"; };
		E0825D442937BB8D00BCBFE8 /* FloatingButton.swift */ = {isa = PBXFileReference; lastKnownFileType = sourcecode.swift; path = FloatingButton.swift; sourceTree = "<group>"; };
		E0825D472937BBD700BCBFE8 /* TaskEditView.swift */ = {isa = PBXFileReference; lastKnownFileType = sourcecode.swift; path = TaskEditView.swift; sourceTree = "<group>"; };
		E0825D492937C48600BCBFE8 /* DateHolder.swift */ = {isa = PBXFileReference; lastKnownFileType = sourcecode.swift; path = DateHolder.swift; sourceTree = "<group>"; };
		E0825D4B2937C89500BCBFE8 /* TaskCell.swift */ = {isa = PBXFileReference; lastKnownFileType = sourcecode.swift; path = TaskCell.swift; sourceTree = "<group>"; };
		E0825D4D2937CA3700BCBFE8 /* CheckBoxView.swift */ = {isa = PBXFileReference; lastKnownFileType = sourcecode.swift; path = CheckBoxView.swift; sourceTree = "<group>"; };
		E0825D502938910300BCBFE8 /* TaskItemExtension.swift */ = {isa = PBXFileReference; lastKnownFileType = sourcecode.swift; path = TaskItemExtension.swift; sourceTree = "<group>"; };
/* End PBXFileReference section */

/* Begin PBXFrameworksBuildPhase section */
		E0825D2B2937B8A900BCBFE8 /* Frameworks */ = {
			isa = PBXFrameworksBuildPhase;
			buildActionMask = 2147483647;
			files = (
			);
			runOnlyForDeploymentPostprocessing = 0;
		};
/* End PBXFrameworksBuildPhase section */

/* Begin PBXGroup section */
		E0825D252937B8A900BCBFE8 = {
			isa = PBXGroup;
			children = (
				E0825D302937B8A900BCBFE8 /* ToDoListSwiftUI */,
				E0825D2F2937B8A900BCBFE8 /* Products */,
			);
			sourceTree = "<group>";
		};
		E0825D2F2937B8A900BCBFE8 /* Products */ = {
			isa = PBXGroup;
			children = (
				E0825D2E2937B8A900BCBFE8 /* ToDoListSwiftUI.app */,
			);
			name = Products;
			sourceTree = "<group>";
		};
		E0825D302937B8A900BCBFE8 /* ToDoListSwiftUI */ = {
			isa = PBXGroup;
			children = (
				E0825D312937B8A900BCBFE8 /* ToDoListSwiftUIApp.swift */,
				E0825D462937BBC500BCBFE8 /* Views */,
				E0825D352937B8AC00BCBFE8 /* Assets.xcassets */,
				E0825D4F293890E100BCBFE8 /* Model */,
				E0825D3C2937B8AC00BCBFE8 /* ToDoListSwiftUI.xcdatamodeld */,
				E0825D372937B8AC00BCBFE8 /* Preview Content */,
				E0825D492937C48600BCBFE8 /* DateHolder.swift */,
			);
			path = ToDoListSwiftUI;
			sourceTree = "<group>";
		};
		E0825D372937B8AC00BCBFE8 /* Preview Content */ = {
			isa = PBXGroup;
			children = (
				E0825D382937B8AC00BCBFE8 /* Preview Assets.xcassets */,
			);
			path = "Preview Content";
			sourceTree = "<group>";
		};
		E0825D462937BBC500BCBFE8 /* Views */ = {
			isa = PBXGroup;
			children = (
				E0825D472937BBD700BCBFE8 /* TaskEditView.swift */,
				E0825D332937B8A900BCBFE8 /* TaskListView.swift */,
				E0825D442937BB8D00BCBFE8 /* FloatingButton.swift */,
				E0825D4B2937C89500BCBFE8 /* TaskCell.swift */,
				E0825D4D2937CA3700BCBFE8 /* CheckBoxView.swift */,
			);
			path = Views;
			sourceTree = "<group>";
		};
		E0825D4F293890E100BCBFE8 /* Model */ = {
			isa = PBXGroup;
			children = (
				E0825D3A2937B8AC00BCBFE8 /* Persistence.swift */,
				E0825D502938910300BCBFE8 /* TaskItemExtension.swift */,
			);
			path = Model;
			sourceTree = "<group>";
		};
/* End PBXGroup section */

/* Begin PBXNativeTarget section */
		E0825D2D2937B8A900BCBFE8 /* ToDoListSwiftUI */ = {
			isa = PBXNativeTarget;
			buildConfigurationList = E0825D412937B8AC00BCBFE8 /* Build configuration list for PBXNativeTarget "ToDoListSwiftUI" */;
			buildPhases = (
				E0825D2A2937B8A900BCBFE8 /* Sources */,
				E0825D2B2937B8A900BCBFE8 /* Frameworks */,
				E0825D2C2937B8A900BCBFE8 /* Resources */,
			);
			buildRules = (
			);
			dependencies = (
			);
			name = ToDoListSwiftUI;
			productName = ToDoListSwiftUI;
			productReference = E0825D2E2937B8A900BCBFE8 /* ToDoListSwiftUI.app */;
			productType = "com.apple.product-type.application";
		};
/* End PBXNativeTarget section */

/* Begin PBXProject section */
		E0825D262937B8A900BCBFE8 /* Project object */ = {
			isa = PBXProject;
			attributes = {
				BuildIndependentTargetsInParallel = 1;
				LastSwiftUpdateCheck = 1410;
				LastUpgradeCheck = 1410;
				TargetAttributes = {
					E0825D2D2937B8A900BCBFE8 = {
						CreatedOnToolsVersion = 14.1;
					};
				};
			};
			buildConfigurationList = E0825D292937B8A900BCBFE8 /* Build configuration list for PBXProject "ToDoListSwiftUI" */;
			compatibilityVersion = "Xcode 14.0";
			developmentRegion = en;
			hasScannedForEncodings = 0;
			knownRegions = (
				en,
				Base,
			);
			mainGroup = E0825D252937B8A900BCBFE8;
			productRefGroup = E0825D2F2937B8A900BCBFE8 /* Products */;
			projectDirPath = "";
			projectRoot = "";
			targets = (
				E0825D2D2937B8A900BCBFE8 /* ToDoListSwiftUI */,
			);
		};
/* End PBXProject section */

/* Begin PBXResourcesBuildPhase section */
		E0825D2C2937B8A900BCBFE8 /* Resources */ = {
			isa = PBXResourcesBuildPhase;
			buildActionMask = 2147483647;
			files = (
				E0825D392937B8AC00BCBFE8 /* Preview Assets.xcassets in Resources */,
				E0825D362937B8AC00BCBFE8 /* Assets.xcassets in Resources */,
			);
			runOnlyForDeploymentPostprocessing = 0;
		};
/* End PBXResourcesBuildPhase section */

/* Begin PBXSourcesBuildPhase section */
		E0825D2A2937B8A900BCBFE8 /* Sources */ = {
			isa = PBXSourcesBuildPhase;
			buildActionMask = 2147483647;
			files = (
				E0825D4A2937C48600BCBFE8 /* DateHolder.swift in Sources */,
				E0825D512938910300BCBFE8 /* TaskItemExtension.swift in Sources */,
				E0825D3B2937B8AC00BCBFE8 /* Persistence.swift in Sources */,
				E0825D3E2937B8AC00BCBFE8 /* ToDoListSwiftUI.xcdatamodeld in Sources */,
				E0825D452937BB8D00BCBFE8 /* FloatingButton.swift in Sources */,
				E0825D4E2937CA3700BCBFE8 /* CheckBoxView.swift in Sources */,
				E0825D4C2937C89500BCBFE8 /* TaskCell.swift in Sources */,
				E0825D482937BBD700BCBFE8 /* TaskEditView.swift in Sources */,
				E0825D342937B8A900BCBFE8 /* TaskListView.swift in Sources */,
				E0825D322937B8A900BCBFE8 /* ToDoListSwiftUIApp.swift in Sources */,
			);
			runOnlyForDeploymentPostprocessing = 0;
		};
/* End PBXSourcesBuildPhase section */

/* Begin XCBuildConfiguration section */
		E0825D3F2937B8AC00BCBFE8 /* Debug */ = {
			isa = XCBuildConfiguration;
			buildSettings = {
				ALWAYS_SEARCH_USER_PATHS = NO;
				CLANG_ANALYZER_NONNULL = YES;
				CLANG_ANALYZER_NUMBER_OBJECT_CONVERSION = YES_AGGRESSIVE;
				CLANG_CXX_LANGUAGE_STANDARD = "gnu++20";
				CLANG_ENABLE_MODULES = YES;
				CLANG_ENABLE_OBJC_ARC = YES;
				CLANG_ENABLE_OBJC_WEAK = YES;
				CLANG_WARN_BLOCK_CAPTURE_AUTORELEASING = YES;
				CLANG_WARN_BOOL_CONVERSION = YES;
				CLANG_WARN_COMMA = YES;
				CLANG_WARN_CONSTANT_CONVERSION = YES;
				CLANG_WARN_DEPRECATED_OBJC_IMPLEMENTATIONS = YES;
				CLANG_WARN_DIRECT_OBJC_ISA_USAGE = YES_ERROR;
				CLANG_WARN_DOCUMENTATION_COMMENTS = YES;
				CLANG_WARN_EMPTY_BODY = YES;
				CLANG_WARN_ENUM_CONVERSION = YES;
				CLANG_WARN_INFINITE_RECURSION = YES;
				CLANG_WARN_INT_CONVERSION = YES;
				CLANG_WARN_NON_LITERAL_NULL_CONVERSION = YES;
				CLANG_WARN_OBJC_IMPLICIT_RETAIN_SELF = YES;
				CLANG_WARN_OBJC_LITERAL_CONVERSION = YES;
				CLANG_WARN_OBJC_ROOT_CLASS = YES_ERROR;
				CLANG_WARN_QUOTED_INCLUDE_IN_FRAMEWORK_HEADER = YES;
				CLANG_WARN_RANGE_LOOP_ANALYSIS = YES;
				CLANG_WARN_STRICT_PROTOTYPES = YES;
				CLANG_WARN_SUSPICIOUS_MOVE = YES;
				CLANG_WARN_UNGUARDED_AVAILABILITY = YES_AGGRESSIVE;
				CLANG_WARN_UNREACHABLE_CODE = YES;
				CLANG_WARN__DUPLICATE_METHOD_MATCH = YES;
				COPY_PHASE_STRIP = NO;
				DEBUG_INFORMATION_FORMAT = dwarf;
				ENABLE_STRICT_OBJC_MSGSEND = YES;
				ENABLE_TESTABILITY = YES;
				GCC_C_LANGUAGE_STANDARD = gnu11;
				GCC_DYNAMIC_NO_PIC = NO;
				GCC_NO_COMMON_BLOCKS = YES;
				GCC_OPTIMIZATION_LEVEL = 0;
				GCC_PREPROCESSOR_DEFINITIONS = (
					"DEBUG=1",
					"$(inherited)",
				);
				GCC_WARN_64_TO_32_BIT_CONVERSION = YES;
				GCC_WARN_ABOUT_RETURN_TYPE = YES_ERROR;
				GCC_WARN_UNDECLARED_SELECTOR = YES;
				GCC_WARN_UNINITIALIZED_AUTOS = YES_AGGRESSIVE;
				GCC_WARN_UNUSED_FUNCTION = YES;
				GCC_WARN_UNUSED_VARIABLE = YES;
				IPHONEOS_DEPLOYMENT_TARGET = 16.1;
				MTL_ENABLE_DEBUG_INFO = INCLUDE_SOURCE;
				MTL_FAST_MATH = YES;
				ONLY_ACTIVE_ARCH = YES;
				SDKROOT = iphoneos;
				SWIFT_ACTIVE_COMPILATION_CONDITIONS = DEBUG;
				SWIFT_OPTIMIZATION_LEVEL = "-Onone";
			};
			name = Debug;
		};
		E0825D402937B8AC00BCBFE8 /* Release */ = {
			isa = XCBuildConfiguration;
			buildSettings = {
				ALWAYS_SEARCH_USER_PATHS = NO;
				CLANG_ANALYZER_NONNULL = YES;
				CLANG_ANALYZER_NUMBER_OBJECT_CONVERSION = YES_AGGRESSIVE;
				CLANG_CXX_LANGUAGE_STANDARD = "gnu++20";
				CLANG_ENABLE_MODULES = YES;
				CLANG_ENABLE_OBJC_ARC = YES;
				CLANG_ENABLE_OBJC_WEAK = YES;
				CLANG_WARN_BLOCK_CAPTURE_AUTORELEASING = YES;
				CLANG_WARN_BOOL_CONVERSION = YES;
				CLANG_WARN_COMMA = YES;
				CLANG_WARN_CONSTANT_CONVERSION = YES;
				CLANG_WARN_DEPRECATED_OBJC_IMPLEMENTATIONS = YES;
				CLANG_WARN_DIRECT_OBJC_ISA_USAGE = YES_ERROR;
				CLANG_WARN_DOCUMENTATION_COMMENTS = YES;
				CLANG_WARN_EMPTY_BODY = YES;
				CLANG_WARN_ENUM_CONVERSION = YES;
				CLANG_WARN_INFINITE_RECURSION = YES;
				CLANG_WARN_INT_CONVERSION = YES;
				CLANG_WARN_NON_LITERAL_NULL_CONVERSION = YES;
				CLANG_WARN_OBJC_IMPLICIT_RETAIN_SELF = YES;
				CLANG_WARN_OBJC_LITERAL_CONVERSION = YES;
				CLANG_WARN_OBJC_ROOT_CLASS = YES_ERROR;
				CLANG_WARN_QUOTED_INCLUDE_IN_FRAMEWORK_HEADER = YES;
				CLANG_WARN_RANGE_LOOP_ANALYSIS = YES;
				CLANG_WARN_STRICT_PROTOTYPES = YES;
				CLANG_WARN_SUSPICIOUS_MOVE = YES;
				CLANG_WARN_UNGUARDED_AVAILABILITY = YES_AGGRESSIVE;
				CLANG_WARN_UNREACHABLE_CODE = YES;
				CLANG_WARN__DUPLICATE_METHOD_MATCH = YES;
				COPY_PHASE_STRIP = NO;
				DEBUG_INFORMATION_FORMAT = "dwarf-with-dsym";
				ENABLE_NS_ASSERTIONS = NO;
				ENABLE_STRICT_OBJC_MSGSEND = YES;
				GCC_C_LANGUAGE_STANDARD = gnu11;
				GCC_NO_COMMON_BLOCKS = YES;
				GCC_WARN_64_TO_32_BIT_CONVERSION = YES;
				GCC_WARN_ABOUT_RETURN_TYPE = YES_ERROR;
				GCC_WARN_UNDECLARED_SELECTOR = YES;
				GCC_WARN_UNINITIALIZED_AUTOS = YES_AGGRESSIVE;
				GCC_WARN_UNUSED_FUNCTION = YES;
				GCC_WARN_UNUSED_VARIABLE = YES;
				IPHONEOS_DEPLOYMENT_TARGET = 16.1;
				MTL_ENABLE_DEBUG_INFO = NO;
				MTL_FAST_MATH = YES;
				SDKROOT = iphoneos;
				SWIFT_COMPILATION_MODE = wholemodule;
				SWIFT_OPTIMIZATION_LEVEL = "-O";
				VALIDATE_PRODUCT = YES;
			};
			name = Release;
		};
		E0825D422937B8AC00BCBFE8 /* Debug */ = {
			isa = XCBuildConfiguration;
			buildSettings = {
				ASSETCATALOG_COMPILER_APPICON_NAME = AppIcon;
				ASSETCATALOG_COMPILER_GLOBAL_ACCENT_COLOR_NAME = AccentColor;
				CODE_SIGN_STYLE = Automatic;
				CURRENT_PROJECT_VERSION = 1;
				DEVELOPMENT_ASSET_PATHS = "\"ToDoListSwiftUI/Preview Content\"";
				DEVELOPMENT_TEAM = PDT8ZAMYY2;
				ENABLE_PREVIEWS = YES;
				GENERATE_INFOPLIST_FILE = YES;
				INFOPLIST_KEY_UIApplicationSceneManifest_Generation = YES;
				INFOPLIST_KEY_UIApplicationSupportsIndirectInputEvents = YES;
				INFOPLIST_KEY_UILaunchScreen_Generation = YES;
				INFOPLIST_KEY_UISupportedInterfaceOrientations_iPad = "UIInterfaceOrientationPortrait UIInterfaceOrientationPortraitUpsideDown UIInterfaceOrientationLandscapeLeft UIInterfaceOrientationLandscapeRight";
				INFOPLIST_KEY_UISupportedInterfaceOrientations_iPhone = "UIInterfaceOrientationPortrait UIInterfaceOrientationLandscapeLeft UIInterfaceOrientationLandscapeRight";
				LD_RUNPATH_SEARCH_PATHS = (
					"$(inherited)",
					"@executable_path/Frameworks",
				);
				MARKETING_VERSION = 1.0;
				PRODUCT_BUNDLE_IDENTIFIER = Nurzhan.ToDoListSwiftUI;
				PRODUCT_NAME = "$(TARGET_NAME)";
				SWIFT_EMIT_LOC_STRINGS = YES;
				SWIFT_VERSION = 5.0;
				TARGETED_DEVICE_FAMILY = "1,2";
			};
			name = Debug;
		};
		E0825D432937B8AC00BCBFE8 /* Release */ = {
			isa = XCBuildConfiguration;
			buildSettings = {
				ASSETCATALOG_COMPILER_APPICON_NAME = AppIcon;
				ASSETCATALOG_COMPILER_GLOBAL_ACCENT_COLOR_NAME = AccentColor;
				CODE_SIGN_STYLE = Automatic;
				CURRENT_PROJECT_VERSION = 1;
				DEVELOPMENT_ASSET_PATHS = "\"ToDoListSwiftUI/Preview Content\"";
				DEVELOPMENT_TEAM = PDT8ZAMYY2;
				ENABLE_PREVIEWS = YES;
				GENERATE_INFOPLIST_FILE = YES;
				INFOPLIST_KEY_UIApplicationSceneManifest_Generation = YES;
				INFOPLIST_KEY_UIApplicationSupportsIndirectInputEvents = YES;
				INFOPLIST_KEY_UILaunchScreen_Generation = YES;
				INFOPLIST_KEY_UISupportedInterfaceOrientations_iPad = "UIInterfaceOrientationPortrait UIInterfaceOrientationPortraitUpsideDown UIInterfaceOrientationLandscapeLeft UIInterfaceOrientationLandscapeRight";
				INFOPLIST_KEY_UISupportedInterfaceOrientations_iPhone = "UIInterfaceOrientationPortrait UIInterfaceOrientationLandscapeLeft UIInterfaceOrientationLandscapeRight";
				LD_RUNPATH_SEARCH_PATHS = (
					"$(inherited)",
					"@executable_path/Frameworks",
				);
				MARKETING_VERSION = 1.0;
				PRODUCT_BUNDLE_IDENTIFIER = Nurzhan.ToDoListSwiftUI;
				PRODUCT_NAME = "$(TARGET_NAME)";
				SWIFT_EMIT_LOC_STRINGS = YES;
				SWIFT_VERSION = 5.0;
				TARGETED_DEVICE_FAMILY = "1,2";
			};
			name = Release;
		};
/* End XCBuildConfiguration section */

/* Begin XCConfigurationList section */
		E0825D292937B8A900BCBFE8 /* Build configuration list for PBXProject "ToDoListSwiftUI" */ = {
			isa = XCConfigurationList;
			buildConfigurations = (
				E0825D3F2937B8AC00BCBFE8 /* Debug */,
				E0825D402937B8AC00BCBFE8 /* Release */,
			);
			defaultConfigurationIsVisible = 0;
			defaultConfigurationName = Release;
		};
		E0825D412937B8AC00BCBFE8 /* Build configuration list for PBXNativeTarget "ToDoListSwiftUI" */ = {
			isa = XCConfigurationList;
			buildConfigurations = (
				E0825D422937B8AC00BCBFE8 /* Debug */,
				E0825D432937B8AC00BCBFE8 /* Release */,
			);
			defaultConfigurationIsVisible = 0;
			defaultConfigurationName = Release;
		};
/* End XCConfigurationList section */

/* Begin XCVersionGroup section */
		E0825D3C2937B8AC00BCBFE8 /* ToDoListSwiftUI.xcdatamodeld */ = {
			isa = XCVersionGroup;
			children = (
				E0825D3D2937B8AC00BCBFE8 /* ToDoListSwiftUI.xcdatamodel */,
			);
			currentVersion = E0825D3D2937B8AC00BCBFE8 /* ToDoListSwiftUI.xcdatamodel */;
			path = ToDoListSwiftUI.xcdatamodeld;
			sourceTree = "<group>";
			versionGroupType = wrapper.xcdatamodel;
		};
/* End XCVersionGroup section */
	};
	rootObject = E0825D262937B8A900BCBFE8 /* Project object */;
}
